
Microsoft Visual Studio Solution File, Format Version 12.00
# Visual Studio 15
Project("{FAE04EC0-301F-11D3-BF4B-00C04F79EFBC}") = "Unity.MemoryProfiler.Editor", "Unity.MemoryProfiler.Editor.csproj", "{A4ACAABF-B941-0D5E-4B66-89D577A51E0C}"
EndProject
Project("{FAE04EC0-301F-11D3-BF4B-00C04F79EFBC}") = "Unity.Timeline", "Unity.Timeline.csproj", "{F62E0942-BA10-FD95-0A6D-D184D4DF4781}"
EndProject
Project("{FAE04EC0-301F-11D3-BF4B-00C04F79EFBC}") = "Unity.Timeline.Editor", "Unity.Timeline.Editor.csproj", "{6F678CDE-4A5B-D34B-704A-B0F880402599}"
EndProject
Project("{FAE04EC0-301F-11D3-BF4B-00C04F79EFBC}") = "Unity.TextMeshPro.Editor", "Unity.TextMeshPro.Editor.csproj", "{B7F3EA82-2AC3-359D-BFBB-CDD2D47E77AA}"
EndProject
Project("{FAE04EC0-301F-11D3-BF4B-00C04F79EFBC}") = "Unity.VisualScripting.Flow", "Unity.VisualScripting.Flow.csproj", "{24DBBEF9-B5AA-0C3E-53F5-922024E51637}"
EndProject
Project("{FAE04EC0-301F-11D3-BF4B-00C04F79EFBC}") = "UnityEditor.UI", "UnityEditor.UI.csproj", "{43BFF0C9-8C3F-E002-A7B9-ACA66A5EA42D}"
EndProject
Project("{FAE04EC0-301F-11D3-BF4B-00C04F79EFBC}") = "Unity.PlasticSCM.Editor", "Unity.PlasticSCM.Editor.csproj", "{BEC807BF-F11D-B04C-C1FC-C163E6534D4C}"
EndProject
Project("{FAE04EC0-301F-11D3-BF4B-00C04F79EFBC}") = "Unity.VisualScripting.Core", "Unity.VisualScripting.Core.csproj", "{CC0E5962-A3C2-64BD-5437-3438FF9E0509}"
EndProject
Project("{FAE04EC0-301F-11D3-BF4B-00C04F79EFBC}") = "Unity.VisualScripting.Core.Editor", "Unity.VisualScripting.Core.Editor.csproj", "{CAADB956-3A70-576A-3D86-C52516918C45}"
EndProject
Project("{FAE04EC0-301F-11D3-BF4B-00C04F79EFBC}") = "Unity.VisualScripting.Flow.Editor", "Unity.VisualScripting.Flow.Editor.csproj", "{B7DDE4D7-3EE7-29C6-6CC8-5BAC258C061C}"
EndProject
Project("{FAE04EC0-301F-11D3-BF4B-00C04F79EFBC}") = "UnityEditor.TestRunner", "UnityEditor.TestRunner.csproj", "{4EC17ED7-A54A-7159-FD0D-333484B7AEE0}"
EndProject
Project("{FAE04EC0-301F-11D3-BF4B-00C04F79EFBC}") = "Unity.VisualScripting.SettingsProvider.Editor", "Unity.VisualScripting.SettingsProvider.Editor.csproj", "{4BFD8176-B511-CC8F-E5B7-6FE4F26A33EE}"
EndProject
Project("{FAE04EC0-301F-11D3-BF4B-00C04F79EFBC}") = "UnityEngine.TestRunner", "UnityEngine.TestRunner.csproj", "{14B6D5D0-7FCA-5DFE-4D78-F75EB0A1514B}"
EndProject
Project("{FAE04EC0-301F-11D3-BF4B-00C04F79EFBC}") = "UnityEngine.UI", "UnityEngine.UI.csproj", "{3248E971-584F-EDE0-4AAA-8B55A19CF1D6}"
EndProject
Project("{FAE04EC0-301F-11D3-BF4B-00C04F79EFBC}") = "Unity.VisualStudio.Editor", "Unity.VisualStudio.Editor.csproj", "{39E0C9BF-5DB4-A308-503F-8B2B113C203A}"
EndProject
Project("{FAE04EC0-301F-11D3-BF4B-00C04F79EFBC}") = "Unity.TestTools.CodeCoverage.Editor.OpenCover.Model", "Unity.TestTools.CodeCoverage.Editor.OpenCover.Model.csproj", "{1BC1AA20-5EBF-9B89-2068-00242B697141}"
EndProject
Project("{FAE04EC0-301F-11D3-BF4B-00C04F79EFBC}") = "Unity.Rider.Editor", "Unity.Rider.Editor.csproj", "{81652F5C-C198-F534-221C-EC2A628F0C1F}"
EndProject
Project("{FAE04EC0-301F-11D3-BF4B-00C04F79EFBC}") = "Unity.VisualScripting.State.Editor", "Unity.VisualScripting.State.Editor.csproj", "{1F4C0DE9-C344-613F-0AF1-8AC1176C0CFC}"
EndProject
Project("{FAE04EC0-301F-11D3-BF4B-00C04F79EFBC}") = "Unity.TestTools.CodeCoverage.Editor", "Unity.TestTools.CodeCoverage.Editor.csproj", "{68BF2EBC-8876-5D0E-1A7D-A09BEDCE854F}"
EndProject
Project("{FAE04EC0-301F-11D3-BF4B-00C04F79EFBC}") = "Unity.VisualScripting.State", "Unity.VisualScripting.State.csproj", "{5EFB24C8-F1ED-4BF0-1D1E-A226E4FBAABC}"
EndProject
Project("{FAE04EC0-301F-11D3-BF4B-00C04F79EFBC}") = "Unity.TextMeshPro", "Unity.TextMeshPro.csproj", "{6C50915B-A34C-EBC5-85F5-132EA70DB5B5}"
EndProject
Project("{FAE04EC0-301F-11D3-BF4B-00C04F79EFBC}") = "Unity.Performance.Profile-Analyzer.Editor", "Unity.Performance.Profile-Analyzer.Editor.csproj", "{E89FA98B-4A65-1F8A-47EA-88F923483A23}"
EndProject
Project("{FAE04EC0-301F-11D3-BF4B-00C04F79EFBC}") = "Unity.VSCode.Editor", "Unity.VSCode.Editor.csproj", "{A262F50D-9FD8-AFBD-2076-277199478323}"
EndProject
Project("{FAE04EC0-301F-11D3-BF4B-00C04F79EFBC}") = "Unity.TestTools.CodeCoverage.Editor.OpenCover.Mono.Reflection", "Unity.TestTools.CodeCoverage.Editor.OpenCover.Mono.Reflection.csproj", "{DDFFB510-F61A-68CC-A389-9FC54F55EFEE}"
EndProject
Project("{FAE04EC0-301F-11D3-BF4B-00C04F79EFBC}") = "Unity.Settings.Editor", "Unity.Settings.Editor.csproj", "{42BFCC77-2923-5735-D250-7C83F0200358}"
EndProject
Project("{FAE04EC0-301F-11D3-BF4B-00C04F79EFBC}") = "Unity.MemoryProfiler.Editor.MemoryProfilerModule", "Unity.MemoryProfiler.Editor.MemoryProfilerModule.csproj", "{7BAB0D7C-B1A1-9417-A9FD-47FA992B9028}"
EndProject
Project("{FAE04EC0-301F-11D3-BF4B-00C04F79EFBC}") = "Unity.MemoryProfiler", "Unity.MemoryProfiler.csproj", "{0ED907EB-7EA1-58A2-DA6D-131A1B8D0D8E}"
EndProject
Project("{FAE04EC0-301F-11D3-BF4B-00C04F79EFBC}") = "Unity.EditorCoroutines.Editor", "Unity.EditorCoroutines.Editor.csproj", "{8FEFF8FC-5343-B143-A56A-0A9EBD8CA067}"
EndProject
Project("{FAE04EC0-301F-11D3-BF4B-00C04F79EFBC}") = "Assembly-CSharp", "Assembly-CSharp.csproj", "{14CEE42C-CCAC-1659-7977-F58F59C09C71}"
EndProject
Project("{FAE04EC0-301F-11D3-BF4B-00C04F79EFBC}") = "Unity.VisualScripting.Shared.Editor", "Unity.VisualScripting.Shared.Editor.csproj", "{C3FA818D-1E3E-8BC5-6FEC-346B9A602B13}"
EndProject
Project("{FAE04EC0-301F-11D3-BF4B-00C04F79EFBC}") = "Unity.CollabProxy.Editor", "Unity.CollabProxy.Editor.csproj", "{76606BDC-C476-D483-E0E7-172D65185372}"
EndProject
Project("{FAE04EC0-301F-11D3-BF4B-00C04F79EFBC}") = "Unity.Timeline", "Unity.Timeline.Player.csproj", "{4B1D6EB4-F2A7-782F-1295-FE70636FE8E9}"
EndProject
Project("{FAE04EC0-301F-11D3-BF4B-00C04F79EFBC}") = "Unity.VisualScripting.Flow", "Unity.VisualScripting.Flow.Player.csproj", "{F024965F-A172-40FC-49CA-3B99705C6DD5}"
EndProject
Project("{FAE04EC0-301F-11D3-BF4B-00C04F79EFBC}") = "Unity.VisualScripting.Core", "Unity.VisualScripting.Core.Player.csproj", "{30039ED5-EEFD-556B-320E-60395D19E022}"
EndProject
Project("{FAE04EC0-301F-11D3-BF4B-00C04F79EFBC}") = "UnityEngine.TestRunner", "UnityEngine.TestRunner.Player.csproj", "{04AD792E-ACD1-1DAF-6A26-89F26FA5F3F4}"
EndProject
Project("{FAE04EC0-301F-11D3-BF4B-00C04F79EFBC}") = "UnityEngine.UI", "UnityEngine.UI.Player.csproj", "{93375239-9F45-E6F8-F744-E92B1214F495}"
EndProject
Project("{FAE04EC0-301F-11D3-BF4B-00C04F79EFBC}") = "Unity.VisualScripting.State", "Unity.VisualScripting.State.Player.csproj", "{9F053960-5AC6-E064-3F3B-2A44713A9B32}"
EndProject
Project("{FAE04EC0-301F-11D3-BF4B-00C04F79EFBC}") = "Unity.TextMeshPro", "Unity.TextMeshPro.Player.csproj", "{8FF7B862-1D2F-5E12-3821-B669F7EDFFF1}"
EndProject
Project("{FAE04EC0-301F-11D3-BF4B-00C04F79EFBC}") = "Unity.MemoryProfiler", "Unity.MemoryProfiler.Player.csproj", "{45545BA3-E41A-3A86-AEC9-1B2911FD7092}"
EndProject
Project("{FAE04EC0-301F-11D3-BF4B-00C04F79EFBC}") = "Assembly-CSharp", "Assembly-CSharp.Player.csproj", "{280C388B-7A1C-AAF7-C72E-53F66B7FF79B}"
EndProject
Global
	GlobalSection(SolutionConfigurationPlatforms) = preSolution
		Debug|Any CPU = Debug|Any CPU
		Release|Any CPU = Release|Any CPU
	EndGlobalSection
	GlobalSection(ProjectConfigurationPlatforms) = postSolution
		{A4ACAABF-B941-0D5E-4B66-89D577A51E0C}.Debug|Any CPU.ActiveCfg = Debug|Any CPU
		{A4ACAABF-B941-0D5E-4B66-89D577A51E0C}.Debug|Any CPU.Build.0 = Debug|Any CPU
		{A4ACAABF-B941-0D5E-4B66-89D577A51E0C}.Release|Any CPU.ActiveCfg = Release|Any CPU
		{A4ACAABF-B941-0D5E-4B66-89D577A51E0C}.Release|Any CPU.Build.0 = Release|Any CPU
		{F62E0942-BA10-FD95-0A6D-D184D4DF4781}.Debug|Any CPU.ActiveCfg = Debug|Any CPU
		{F62E0942-BA10-FD95-0A6D-D184D4DF4781}.Debug|Any CPU.Build.0 = Debug|Any CPU
		{F62E0942-BA10-FD95-0A6D-D184D4DF4781}.Release|Any CPU.ActiveCfg = Release|Any CPU
		{F62E0942-BA10-FD95-0A6D-D184D4DF4781}.Release|Any CPU.Build.0 = Release|Any CPU
		{6F678CDE-4A5B-D34B-704A-B0F880402599}.Debug|Any CPU.ActiveCfg = Debug|Any CPU
		{6F678CDE-4A5B-D34B-704A-B0F880402599}.Debug|Any CPU.Build.0 = Debug|Any CPU
		{6F678CDE-4A5B-D34B-704A-B0F880402599}.Release|Any CPU.ActiveCfg = Release|Any CPU
		{6F678CDE-4A5B-D34B-704A-B0F880402599}.Release|Any CPU.Build.0 = Release|Any CPU
		{B7F3EA82-2AC3-359D-BFBB-CDD2D47E77AA}.Debug|Any CPU.ActiveCfg = Debug|Any CPU
		{B7F3EA82-2AC3-359D-BFBB-CDD2D47E77AA}.Debug|Any CPU.Build.0 = Debug|Any CPU
		{B7F3EA82-2AC3-359D-BFBB-CDD2D47E77AA}.Release|Any CPU.ActiveCfg = Release|Any CPU
		{B7F3EA82-2AC3-359D-BFBB-CDD2D47E77AA}.Release|Any CPU.Build.0 = Release|Any CPU
		{24DBBEF9-B5AA-0C3E-53F5-922024E51637}.Debug|Any CPU.ActiveCfg = Debug|Any CPU
		{24DBBEF9-B5AA-0C3E-53F5-922024E51637}.Debug|Any CPU.Build.0 = Debug|Any CPU
		{24DBBEF9-B5AA-0C3E-53F5-922024E51637}.Release|Any CPU.ActiveCfg = Release|Any CPU
		{24DBBEF9-B5AA-0C3E-53F5-922024E51637}.Release|Any CPU.Build.0 = Release|Any CPU
		{43BFF0C9-8C3F-E002-A7B9-ACA66A5EA42D}.Debug|Any CPU.ActiveCfg = Debug|Any CPU
		{43BFF0C9-8C3F-E002-A7B9-ACA66A5EA42D}.Debug|Any CPU.Build.0 = Debug|Any CPU
		{43BFF0C9-8C3F-E002-A7B9-ACA66A5EA42D}.Release|Any CPU.ActiveCfg = Release|Any CPU
		{43BFF0C9-8C3F-E002-A7B9-ACA66A5EA42D}.Release|Any CPU.Build.0 = Release|Any CPU
		{BEC807BF-F11D-B04C-C1FC-C163E6534D4C}.Debug|Any CPU.ActiveCfg = Debug|Any CPU
		{BEC807BF-F11D-B04C-C1FC-C163E6534D4C}.Debug|Any CPU.Build.0 = Debug|Any CPU
		{BEC807BF-F11D-B04C-C1FC-C163E6534D4C}.Release|Any CPU.ActiveCfg = Release|Any CPU
		{BEC807BF-F11D-B04C-C1FC-C163E6534D4C}.Release|Any CPU.Build.0 = Release|Any CPU
		{CC0E5962-A3C2-64BD-5437-3438FF9E0509}.Debug|Any CPU.ActiveCfg = Debug|Any CPU
		{CC0E5962-A3C2-64BD-5437-3438FF9E0509}.Debug|Any CPU.Build.0 = Debug|Any CPU
		{CC0E5962-A3C2-64BD-5437-3438FF9E0509}.Release|Any CPU.ActiveCfg = Release|Any CPU
		{CC0E5962-A3C2-64BD-5437-3438FF9E0509}.Release|Any CPU.Build.0 = Release|Any CPU
		{CAADB956-3A70-576A-3D86-C52516918C45}.Debug|Any CPU.ActiveCfg = Debug|Any CPU
		{CAADB956-3A70-576A-3D86-C52516918C45}.Debug|Any CPU.Build.0 = Debug|Any CPU
		{CAADB956-3A70-576A-3D86-C52516918C45}.Release|Any CPU.ActiveCfg = Release|Any CPU
		{CAADB956-3A70-576A-3D86-C52516918C45}.Release|Any CPU.Build.0 = Release|Any CPU
		{B7DDE4D7-3EE7-29C6-6CC8-5BAC258C061C}.Debug|Any CPU.ActiveCfg = Debug|Any CPU
		{B7DDE4D7-3EE7-29C6-6CC8-5BAC258C061C}.Debug|Any CPU.Build.0 = Debug|Any CPU
		{B7DDE4D7-3EE7-29C6-6CC8-5BAC258C061C}.Release|Any CPU.ActiveCfg = Release|Any CPU
		{B7DDE4D7-3EE7-29C6-6CC8-5BAC258C061C}.Release|Any CPU.Build.0 = Release|Any CPU
		{4EC17ED7-A54A-7159-FD0D-333484B7AEE0}.Debug|Any CPU.ActiveCfg = Debug|Any CPU
		{4EC17ED7-A54A-7159-FD0D-333484B7AEE0}.Debug|Any CPU.Build.0 = Debug|Any CPU
		{4EC17ED7-A54A-7159-FD0D-333484B7AEE0}.Release|Any CPU.ActiveCfg = Release|Any CPU
		{4EC17ED7-A54A-7159-FD0D-333484B7AEE0}.Release|Any CPU.Build.0 = Release|Any CPU
		{4BFD8176-B511-CC8F-E5B7-6FE4F26A33EE}.Debug|Any CPU.ActiveCfg = Debug|Any CPU
		{4BFD8176-B511-CC8F-E5B7-6FE4F26A33EE}.Debug|Any CPU.Build.0 = Debug|Any CPU
		{4BFD8176-B511-CC8F-E5B7-6FE4F26A33EE}.Release|Any CPU.ActiveCfg = Release|Any CPU
		{4BFD8176-B511-CC8F-E5B7-6FE4F26A33EE}.Release|Any CPU.Build.0 = Release|Any CPU
		{14B6D5D0-7FCA-5DFE-4D78-F75EB0A1514B}.Debug|Any CPU.ActiveCfg = Debug|Any CPU
		{14B6D5D0-7FCA-5DFE-4D78-F75EB0A1514B}.Debug|Any CPU.Build.0 = Debug|Any CPU
		{14B6D5D0-7FCA-5DFE-4D78-F75EB0A1514B}.Release|Any CPU.ActiveCfg = Release|Any CPU
		{14B6D5D0-7FCA-5DFE-4D78-F75EB0A1514B}.Release|Any CPU.Build.0 = Release|Any CPU
		{3248E971-584F-EDE0-4AAA-8B55A19CF1D6}.Debug|Any CPU.ActiveCfg = Debug|Any CPU
		{3248E971-584F-EDE0-4AAA-8B55A19CF1D6}.Debug|Any CPU.Build.0 = Debug|Any CPU
		{3248E971-584F-EDE0-4AAA-8B55A19CF1D6}.Release|Any CPU.ActiveCfg = Release|Any CPU
		{3248E971-584F-EDE0-4AAA-8B55A19CF1D6}.Release|Any CPU.Build.0 = Release|Any CPU
		{39E0C9BF-5DB4-A308-503F-8B2B113C203A}.Debug|Any CPU.ActiveCfg = Debug|Any CPU
		{39E0C9BF-5DB4-A308-503F-8B2B113C203A}.Debug|Any CPU.Build.0 = Debug|Any CPU
		{39E0C9BF-5DB4-A308-503F-8B2B113C203A}.Release|Any CPU.ActiveCfg = Release|Any CPU
		{39E0C9BF-5DB4-A308-503F-8B2B113C203A}.Release|Any CPU.Build.0 = Release|Any CPU
		{1BC1AA20-5EBF-9B89-2068-00242B697141}.Debug|Any CPU.ActiveCfg = Debug|Any CPU
		{1BC1AA20-5EBF-9B89-2068-00242B697141}.Debug|Any CPU.Build.0 = Debug|Any CPU
		{1BC1AA20-5EBF-9B89-2068-00242B697141}.Release|Any CPU.ActiveCfg = Release|Any CPU
		{1BC1AA20-5EBF-9B89-2068-00242B697141}.Release|Any CPU.Build.0 = Release|Any CPU
		{81652F5C-C198-F534-221C-EC2A628F0C1F}.Debug|Any CPU.ActiveCfg = Debug|Any CPU
		{81652F5C-C198-F534-221C-EC2A628F0C1F}.Debug|Any CPU.Build.0 = Debug|Any CPU
		{81652F5C-C198-F534-221C-EC2A628F0C1F}.Release|Any CPU.ActiveCfg = Release|Any CPU
		{81652F5C-C198-F534-221C-EC2A628F0C1F}.Release|Any CPU.Build.0 = Release|Any CPU
		{1F4C0DE9-C344-613F-0AF1-8AC1176C0CFC}.Debug|Any CPU.ActiveCfg = Debug|Any CPU
		{1F4C0DE9-C344-613F-0AF1-8AC1176C0CFC}.Debug|Any CPU.Build.0 = Debug|Any CPU
		{1F4C0DE9-C344-613F-0AF1-8AC1176C0CFC}.Release|Any CPU.ActiveCfg = Release|Any CPU
		{1F4C0DE9-C344-613F-0AF1-8AC1176C0CFC}.Release|Any CPU.Build.0 = Release|Any CPU
		{68BF2EBC-8876-5D0E-1A7D-A09BEDCE854F}.Debug|Any CPU.ActiveCfg = Debug|Any CPU
		{68BF2EBC-8876-5D0E-1A7D-A09BEDCE854F}.Debug|Any CPU.Build.0 = Debug|Any CPU
		{68BF2EBC-8876-5D0E-1A7D-A09BEDCE854F}.Release|Any CPU.ActiveCfg = Release|Any CPU
		{68BF2EBC-8876-5D0E-1A7D-A09BEDCE854F}.Release|Any CPU.Build.0 = Release|Any CPU
		{5EFB24C8-F1ED-4BF0-1D1E-A226E4FBAABC}.Debug|Any CPU.ActiveCfg = Debug|Any CPU
		{5EFB24C8-F1ED-4BF0-1D1E-A226E4FBAABC}.Debug|Any CPU.Build.0 = Debug|Any CPU
		{5EFB24C8-F1ED-4BF0-1D1E-A226E4FBAABC}.Release|Any CPU.ActiveCfg = Release|Any CPU
		{5EFB24C8-F1ED-4BF0-1D1E-A226E4FBAABC}.Release|Any CPU.Build.0 = Release|Any CPU
		{6C50915B-A34C-EBC5-85F5-132EA70DB5B5}.Debug|Any CPU.ActiveCfg = Debug|Any CPU
		{6C50915B-A34C-EBC5-85F5-132EA70DB5B5}.Debug|Any CPU.Build.0 = Debug|Any CPU
		{6C50915B-A34C-EBC5-85F5-132EA70DB5B5}.Release|Any CPU.ActiveCfg = Release|Any CPU
		{6C50915B-A34C-EBC5-85F5-132EA70DB5B5}.Release|Any CPU.Build.0 = Release|Any CPU
		{E89FA98B-4A65-1F8A-47EA-88F923483A23}.Debug|Any CPU.ActiveCfg = Debug|Any CPU
		{E89FA98B-4A65-1F8A-47EA-88F923483A23}.Debug|Any CPU.Build.0 = Debug|Any CPU
		{E89FA98B-4A65-1F8A-47EA-88F923483A23}.Release|Any CPU.ActiveCfg = Release|Any CPU
		{E89FA98B-4A65-1F8A-47EA-88F923483A23}.Release|Any CPU.Build.0 = Release|Any CPU
		{A262F50D-9FD8-AFBD-2076-277199478323}.Debug|Any CPU.ActiveCfg = Debug|Any CPU
		{A262F50D-9FD8-AFBD-2076-277199478323}.Debug|Any CPU.Build.0 = Debug|Any CPU
		{A262F50D-9FD8-AFBD-2076-277199478323}.Release|Any CPU.ActiveCfg = Release|Any CPU
		{A262F50D-9FD8-AFBD-2076-277199478323}.Release|Any CPU.Build.0 = Release|Any CPU
		{DDFFB510-F61A-68CC-A389-9FC54F55EFEE}.Debug|Any CPU.ActiveCfg = Debug|Any CPU
		{DDFFB510-F61A-68CC-A389-9FC54F55EFEE}.Debug|Any CPU.Build.0 = Debug|Any CPU
		{DDFFB510-F61A-68CC-A389-9FC54F55EFEE}.Release|Any CPU.ActiveCfg = Release|Any CPU
		{DDFFB510-F61A-68CC-A389-9FC54F55EFEE}.Release|Any CPU.Build.0 = Release|Any CPU
		{42BFCC77-2923-5735-D250-7C83F0200358}.Debug|Any CPU.ActiveCfg = Debug|Any CPU
		{42BFCC77-2923-5735-D250-7C83F0200358}.Debug|Any CPU.Build.0 = Debug|Any CPU
		{42BFCC77-2923-5735-D250-7C83F0200358}.Release|Any CPU.ActiveCfg = Release|Any CPU
		{42BFCC77-2923-5735-D250-7C83F0200358}.Release|Any CPU.Build.0 = Release|Any CPU
		{7BAB0D7C-B1A1-9417-A9FD-47FA992B9028}.Debug|Any CPU.ActiveCfg = Debug|Any CPU
		{7BAB0D7C-B1A1-9417-A9FD-47FA992B9028}.Debug|Any CPU.Build.0 = Debug|Any CPU
		{7BAB0D7C-B1A1-9417-A9FD-47FA992B9028}.Release|Any CPU.ActiveCfg = Release|Any CPU
		{7BAB0D7C-B1A1-9417-A9FD-47FA992B9028}.Release|Any CPU.Build.0 = Release|Any CPU
		{0ED907EB-7EA1-58A2-DA6D-131A1B8D0D8E}.Debug|Any CPU.ActiveCfg = Debug|Any CPU
		{0ED907EB-7EA1-58A2-DA6D-131A1B8D0D8E}.Debug|Any CPU.Build.0 = Debug|Any CPU
		{0ED907EB-7EA1-58A2-DA6D-131A1B8D0D8E}.Release|Any CPU.ActiveCfg = Release|Any CPU
		{0ED907EB-7EA1-58A2-DA6D-131A1B8D0D8E}.Release|Any CPU.Build.0 = Release|Any CPU
		{8FEFF8FC-5343-B143-A56A-0A9EBD8CA067}.Debug|Any CPU.ActiveCfg = Debug|Any CPU
		{8FEFF8FC-5343-B143-A56A-0A9EBD8CA067}.Debug|Any CPU.Build.0 = Debug|Any CPU
		{8FEFF8FC-5343-B143-A56A-0A9EBD8CA067}.Release|Any CPU.ActiveCfg = Release|Any CPU
		{8FEFF8FC-5343-B143-A56A-0A9EBD8CA067}.Release|Any CPU.Build.0 = Release|Any CPU
		{14CEE42C-CCAC-1659-7977-F58F59C09C71}.Debug|Any CPU.ActiveCfg = Debug|Any CPU
		{14CEE42C-CCAC-1659-7977-F58F59C09C71}.Debug|Any CPU.Build.0 = Debug|Any CPU
		{14CEE42C-CCAC-1659-7977-F58F59C09C71}.Release|Any CPU.ActiveCfg = Release|Any CPU
		{14CEE42C-CCAC-1659-7977-F58F59C09C71}.Release|Any CPU.Build.0 = Release|Any CPU
		{C3FA818D-1E3E-8BC5-6FEC-346B9A602B13}.Debug|Any CPU.ActiveCfg = Debug|Any CPU
		{C3FA818D-1E3E-8BC5-6FEC-346B9A602B13}.Debug|Any CPU.Build.0 = Debug|Any CPU
		{C3FA818D-1E3E-8BC5-6FEC-346B9A602B13}.Release|Any CPU.ActiveCfg = Release|Any CPU
		{C3FA818D-1E3E-8BC5-6FEC-346B9A602B13}.Release|Any CPU.Build.0 = Release|Any CPU
		{76606BDC-C476-D483-E0E7-172D65185372}.Debug|Any CPU.ActiveCfg = Debug|Any CPU
		{76606BDC-C476-D483-E0E7-172D65185372}.Debug|Any CPU.Build.0 = Debug|Any CPU
		{76606BDC-C476-D483-E0E7-172D65185372}.Release|Any CPU.ActiveCfg = Release|Any CPU
		{76606BDC-C476-D483-E0E7-172D65185372}.Release|Any CPU.Build.0 = Release|Any CPU
		{4B1D6EB4-F2A7-782F-1295-FE70636FE8E9}.Debug|Any CPU.ActiveCfg = Debug|Any CPU
		{4B1D6EB4-F2A7-782F-1295-FE70636FE8E9}.Debug|Any CPU.Build.0 = Debug|Any CPU
		{4B1D6EB4-F2A7-782F-1295-FE70636FE8E9}.Release|Any CPU.ActiveCfg = Release|Any CPU
		{4B1D6EB4-F2A7-782F-1295-FE70636FE8E9}.Release|Any CPU.Build.0 = Release|Any CPU
		{F024965F-A172-40FC-49CA-3B99705C6DD5}.Debug|Any CPU.ActiveCfg = Debug|Any CPU
		{F024965F-A172-40FC-49CA-3B99705C6DD5}.Debug|Any CPU.Build.0 = Debug|Any CPU
		{F024965F-A172-40FC-49CA-3B99705C6DD5}.Release|Any CPU.ActiveCfg = Release|Any CPU
		{F024965F-A172-40FC-49CA-3B99705C6DD5}.Release|Any CPU.Build.0 = Release|Any CPU
		{30039ED5-EEFD-556B-320E-60395D19E022}.Debug|Any CPU.ActiveCfg = Debug|Any CPU
		{30039ED5-EEFD-556B-320E-60395D19E022}.Debug|Any CPU.Build.0 = Debug|Any CPU
		{30039ED5-EEFD-556B-320E-60395D19E022}.Release|Any CPU.ActiveCfg = Release|Any CPU
		{30039ED5-EEFD-556B-320E-60395D19E022}.Release|Any CPU.Build.0 = Release|Any CPU
		{04AD792E-ACD1-1DAF-6A26-89F26FA5F3F4}.Debug|Any CPU.ActiveCfg = Debug|Any CPU
		{04AD792E-ACD1-1DAF-6A26-89F26FA5F3F4}.Debug|Any CPU.Build.0 = Debug|Any CPU
		{04AD792E-ACD1-1DAF-6A26-89F26FA5F3F4}.Release|Any CPU.ActiveCfg = Release|Any CPU
		{04AD792E-ACD1-1DAF-6A26-89F26FA5F3F4}.Release|Any CPU.Build.0 = Release|Any CPU
		{93375239-9F45-E6F8-F744-E92B1214F495}.Debug|Any CPU.ActiveCfg = Debug|Any CPU
		{93375239-9F45-E6F8-F744-E92B1214F495}.Debug|Any CPU.Build.0 = Debug|Any CPU
		{93375239-9F45-E6F8-F744-E92B1214F495}.Release|Any CPU.ActiveCfg = Release|Any CPU
		{93375239-9F45-E6F8-F744-E92B1214F495}.Release|Any CPU.Build.0 = Release|Any CPU
		{9F053960-5AC6-E064-3F3B-2A44713A9B32}.Debug|Any CPU.ActiveCfg = Debug|Any CPU
		{9F053960-5AC6-E064-3F3B-2A44713A9B32}.Debug|Any CPU.Build.0 = Debug|Any CPU
		{9F053960-5AC6-E064-3F3B-2A44713A9B32}.Release|Any CPU.ActiveCfg = Release|Any CPU
		{9F053960-5AC6-E064-3F3B-2A44713A9B32}.Release|Any CPU.Build.0 = Release|Any CPU
		{8FF7B862-1D2F-5E12-3821-B669F7EDFFF1}.Debug|Any CPU.ActiveCfg = Debug|Any CPU
		{8FF7B862-1D2F-5E12-3821-B669F7EDFFF1}.Debug|Any CPU.Build.0 = Debug|Any CPU
		{8FF7B862-1D2F-5E12-3821-B669F7EDFFF1}.Release|Any CPU.ActiveCfg = Release|Any CPU
		{8FF7B862-1D2F-5E12-3821-B669F7EDFFF1}.Release|Any CPU.Build.0 = Release|Any CPU
		{45545BA3-E41A-3A86-AEC9-1B2911FD7092}.Debug|Any CPU.ActiveCfg = Debug|Any CPU
		{45545BA3-E41A-3A86-AEC9-1B2911FD7092}.Debug|Any CPU.Build.0 = Debug|Any CPU
		{45545BA3-E41A-3A86-AEC9-1B2911FD7092}.Release|Any CPU.ActiveCfg = Release|Any CPU
		{45545BA3-E41A-3A86-AEC9-1B2911FD7092}.Release|Any CPU.Build.0 = Release|Any CPU
		{280C388B-7A1C-AAF7-C72E-53F66B7FF79B}.Debug|Any CPU.ActiveCfg = Debug|Any CPU
		{280C388B-7A1C-AAF7-C72E-53F66B7FF79B}.Debug|Any CPU.Build.0 = Debug|Any CPU
		{280C388B-7A1C-AAF7-C72E-53F66B7FF79B}.Release|Any CPU.ActiveCfg = Release|Any CPU
		{280C388B-7A1C-AAF7-C72E-53F66B7FF79B}.Release|Any CPU.Build.0 = Release|Any CPU
	EndGlobalSection
	GlobalSection(SolutionProperties) = preSolution
		HideSolutionNode = FALSE
	EndGlobalSection
EndGlobal
